
Microsoft Visual Studio Solution File, Format Version 12.00
# Visual Studio 14
VisualStudioVersion = 14.0.25420.1
MinimumVisualStudioVersion = 10.0.40219.1
Project("{FAE04EC0-301F-11D3-BF4B-00C04F79EFBC}") = "Ingpal.BusinessStore.Presentation", "Ingpal.BusinessStore.Presentation\Ingpal.BusinessStore.Presentation.csproj", "{EB0A8A86-5C54-45A5-9FD6-74A5660BCAAD}"
EndProject
Project("{2150E333-8FDC-42A3-9474-1A3956D46DE8}") = "20-Presentation", "20-Presentation", "{08536F7F-D1F0-463C-9D34-3C6B3C35C9F6}"
EndProject
Project("{2150E333-8FDC-42A3-9474-1A3956D46DE8}") = "50-Infrastructure", "50-Infrastructure", "{4BCFA5B5-7ACF-480F-B561-F0493CDCB01C}"
EndProject
Project("{2150E333-8FDC-42A3-9474-1A3956D46DE8}") = "30-Bussiness", "30-Bussiness", "{661F711A-2B98-4A26-B15C-19ABF76607F8}"
EndProject
Project("{FAE04EC0-301F-11D3-BF4B-00C04F79EFBC}") = "Ingpal.BusinessStore.Model", "Ingpal.BusinessStore.Model\Ingpal.BusinessStore.Model.csproj", "{1CAFE700-3A43-4C94-B2E7-8CB32C71BA19}"
EndProject
Project("{FAE04EC0-301F-11D3-BF4B-00C04F79EFBC}") = "Ingpal.BusinessStore.Business", "Ingpal.BusinessStore.Business\Ingpal.BusinessStore.Business.csproj", "{C95FEBA4-A06A-4133-BAB3-3D553B8C84AC}"
EndProject
Project("{2150E333-8FDC-42A3-9474-1A3956D46DE8}") = "40-DataControl", "40-DataControl", "{C7B43F60-0A38-4DFB-9462-4B92128BB516}"
EndProject
Project("{FAE04EC0-301F-11D3-BF4B-00C04F79EFBC}") = "Ingpal.BusinessStore.DataAccess", "Ingpal.BusinessStore.DataAccess\Ingpal.BusinessStore.DataAccess.csproj", "{08B84FAC-275F-436A-8648-6F07AAEFF54F}"
EndProject
Project("{FAE04EC0-301F-11D3-BF4B-00C04F79EFBC}") = "Ingpal.BusinessStore.Infrastructure", "Ingpal.BusinessStore.Infrastructure\Ingpal.BusinessStore.Infrastructure.csproj", "{F42DE59A-5F19-4D2C-937E-2954C4BABE60}"
EndProject
Project("{2150E333-8FDC-42A3-9474-1A3956D46DE8}") = "60-Web", "60-Web", "{75BD3E55-C5FD-46E5-9696-44093E73E2C3}"
EndProject
Project("{FAE04EC0-301F-11D3-BF4B-00C04F79EFBC}") = "Ingpal.BusinessStore.WebApp", "Ingpal.BusinessStore.WebApp\Ingpal.BusinessStore.WebApp.csproj", "{1E0424D2-DA11-4684-800C-064B58EAD182}"
EndProject
Project("{FAE04EC0-301F-11D3-BF4B-00C04F79EFBC}") = "Ingpal.BusinessStore.WebApp.Tests", "Ingpal.BusinessStore.WebApp.Tests\Ingpal.BusinessStore.WebApp.Tests.csproj", "{17CB9EBF-569E-4D99-BA70-67023DB64AB0}"
EndProject
Project("{2150E333-8FDC-42A3-9474-1A3956D46DE8}") = "70-Install", "70-Install", "{3D20560D-A4EB-4801-AE2A-EDA1182A60DB}"
EndProject
Project("{6141683F-8A12-4E36-9623-2EB02B2C2303}") = "Setup", "Setup\Setup.isproj", "{969FE8EF-AF65-42F1-A464-26AB38853C14}"
EndProject
Project("{FAE04EC0-301F-11D3-BF4B-00C04F79EFBC}") = "Ingpal.BusinessStore.AutoUpdater", "Ingpal.BusinessStore.AutoUpdater\Ingpal.BusinessStore.AutoUpdater.csproj", "{9D598166-0647-4917-8177-13F46BD24407}"
EndProject
Global
	GlobalSection(SolutionConfigurationPlatforms) = preSolution
		CD_ROM|Any CPU = CD_ROM|Any CPU
		CD_ROM|x86 = CD_ROM|x86
		Debug|Any CPU = Debug|Any CPU
		Debug|x86 = Debug|x86
		DVD-5|Any CPU = DVD-5|Any CPU
		DVD-5|x86 = DVD-5|x86
		Release|Any CPU = Release|Any CPU
		Release|x86 = Release|x86
		SingleImage|Any CPU = SingleImage|Any CPU
		SingleImage|x86 = SingleImage|x86
	EndGlobalSection
	GlobalSection(ProjectConfigurationPlatforms) = postSolution
		{EB0A8A86-5C54-45A5-9FD6-74A5660BCAAD}.CD_ROM|Any CPU.ActiveCfg = Release|Any CPU
		{EB0A8A86-5C54-45A5-9FD6-74A5660BCAAD}.CD_ROM|Any CPU.Build.0 = Release|Any CPU
		{EB0A8A86-5C54-45A5-9FD6-74A5660BCAAD}.CD_ROM|x86.ActiveCfg = Release|x86
		{EB0A8A86-5C54-45A5-9FD6-74A5660BCAAD}.CD_ROM|x86.Build.0 = Release|x86
		{EB0A8A86-5C54-45A5-9FD6-74A5660BCAAD}.Debug|Any CPU.ActiveCfg = Debug|Any CPU
		{EB0A8A86-5C54-45A5-9FD6-74A5660BCAAD}.Debug|Any CPU.Build.0 = Debug|Any CPU
		{EB0A8A86-5C54-45A5-9FD6-74A5660BCAAD}.Debug|x86.ActiveCfg = Debug|x86
		{EB0A8A86-5C54-45A5-9FD6-74A5660BCAAD}.Debug|x86.Build.0 = Debug|x86
		{EB0A8A86-5C54-45A5-9FD6-74A5660BCAAD}.DVD-5|Any CPU.ActiveCfg = Debug|Any CPU
		{EB0A8A86-5C54-45A5-9FD6-74A5660BCAAD}.DVD-5|Any CPU.Build.0 = Debug|Any CPU
		{EB0A8A86-5C54-45A5-9FD6-74A5660BCAAD}.DVD-5|x86.ActiveCfg = Debug|x86
		{EB0A8A86-5C54-45A5-9FD6-74A5660BCAAD}.DVD-5|x86.Build.0 = Debug|x86
		{EB0A8A86-5C54-45A5-9FD6-74A5660BCAAD}.Release|Any CPU.ActiveCfg = Release|Any CPU
		{EB0A8A86-5C54-45A5-9FD6-74A5660BCAAD}.Release|Any CPU.Build.0 = Release|Any CPU
		{EB0A8A86-5C54-45A5-9FD6-74A5660BCAAD}.Release|x86.ActiveCfg = Release|x86
		{EB0A8A86-5C54-45A5-9FD6-74A5660BCAAD}.Release|x86.Build.0 = Release|x86
		{EB0A8A86-5C54-45A5-9FD6-74A5660BCAAD}.SingleImage|Any CPU.ActiveCfg = Release|Any CPU
		{EB0A8A86-5C54-45A5-9FD6-74A5660BCAAD}.SingleImage|Any CPU.Build.0 = Release|Any CPU
		{EB0A8A86-5C54-45A5-9FD6-74A5660BCAAD}.SingleImage|x86.ActiveCfg = Release|x86
		{EB0A8A86-5C54-45A5-9FD6-74A5660BCAAD}.SingleImage|x86.Build.0 = Release|x86
		{1CAFE700-3A43-4C94-B2E7-8CB32C71BA19}.CD_ROM|Any CPU.ActiveCfg = Release|Any CPU
		{1CAFE700-3A43-4C94-B2E7-8CB32C71BA19}.CD_ROM|Any CPU.Build.0 = Release|Any CPU
		{1CAFE700-3A43-4C94-B2E7-8CB32C71BA19}.CD_ROM|x86.ActiveCfg = Release|x86
		{1CAFE700-3A43-4C94-B2E7-8CB32C71BA19}.CD_ROM|x86.Build.0 = Release|x86
		{1CAFE700-3A43-4C94-B2E7-8CB32C71BA19}.Debug|Any CPU.ActiveCfg = Debug|Any CPU
		{1CAFE700-3A43-4C94-B2E7-8CB32C71BA19}.Debug|Any CPU.Build.0 = Debug|Any CPU
		{1CAFE700-3A43-4C94-B2E7-8CB32C71BA19}.Debug|x86.ActiveCfg = Debug|x86
		{1CAFE700-3A43-4C94-B2E7-8CB32C71BA19}.Debug|x86.Build.0 = Debug|x86
		{1CAFE700-3A43-4C94-B2E7-8CB32C71BA19}.DVD-5|Any CPU.ActiveCfg = Debug|Any CPU
		{1CAFE700-3A43-4C94-B2E7-8CB32C71BA19}.DVD-5|Any CPU.Build.0 = Debug|Any CPU
		{1CAFE700-3A43-4C94-B2E7-8CB32C71BA19}.DVD-5|x86.ActiveCfg = Debug|x86
		{1CAFE700-3A43-4C94-B2E7-8CB32C71BA19}.DVD-5|x86.Build.0 = Debug|x86
		{1CAFE700-3A43-4C94-B2E7-8CB32C71BA19}.Release|Any CPU.ActiveCfg = Release|Any CPU
		{1CAFE700-3A43-4C94-B2E7-8CB32C71BA19}.Release|Any CPU.Build.0 = Release|Any CPU
		{1CAFE700-3A43-4C94-B2E7-8CB32C71BA19}.Release|x86.ActiveCfg = Release|x86
		{1CAFE700-3A43-4C94-B2E7-8CB32C71BA19}.Release|x86.Build.0 = Release|x86
		{1CAFE700-3A43-4C94-B2E7-8CB32C71BA19}.SingleImage|Any CPU.ActiveCfg = Release|Any CPU
		{1CAFE700-3A43-4C94-B2E7-8CB32C71BA19}.SingleImage|Any CPU.Build.0 = Release|Any CPU
		{1CAFE700-3A43-4C94-B2E7-8CB32C71BA19}.SingleImage|x86.ActiveCfg = Release|x86
		{1CAFE700-3A43-4C94-B2E7-8CB32C71BA19}.SingleImage|x86.Build.0 = Release|x86
		{C95FEBA4-A06A-4133-BAB3-3D553B8C84AC}.CD_ROM|Any CPU.ActiveCfg = Release|Any CPU
		{C95FEBA4-A06A-4133-BAB3-3D553B8C84AC}.CD_ROM|Any CPU.Build.0 = Release|Any CPU
		{C95FEBA4-A06A-4133-BAB3-3D553B8C84AC}.CD_ROM|x86.ActiveCfg = Release|x86
		{C95FEBA4-A06A-4133-BAB3-3D553B8C84AC}.CD_ROM|x86.Build.0 = Release|x86
		{C95FEBA4-A06A-4133-BAB3-3D553B8C84AC}.Debug|Any CPU.ActiveCfg = Debug|Any CPU
		{C95FEBA4-A06A-4133-BAB3-3D553B8C84AC}.Debug|Any CPU.Build.0 = Debug|Any CPU
		{C95FEBA4-A06A-4133-BAB3-3D553B8C84AC}.Debug|x86.ActiveCfg = Debug|x86
		{C95FEBA4-A06A-4133-BAB3-3D553B8C84AC}.Debug|x86.Build.0 = Debug|x86
		{C95FEBA4-A06A-4133-BAB3-3D553B8C84AC}.DVD-5|Any CPU.ActiveCfg = Debug|Any CPU
		{C95FEBA4-A06A-4133-BAB3-3D553B8C84AC}.DVD-5|Any CPU.Build.0 = Debug|Any CPU
		{C95FEBA4-A06A-4133-BAB3-3D553B8C84AC}.DVD-5|x86.ActiveCfg = Debug|x86
		{C95FEBA4-A06A-4133-BAB3-3D553B8C84AC}.DVD-5|x86.Build.0 = Debug|x86
		{C95FEBA4-A06A-4133-BAB3-3D553B8C84AC}.Release|Any CPU.ActiveCfg = Release|Any CPU
		{C95FEBA4-A06A-4133-BAB3-3D553B8C84AC}.Release|Any CPU.Build.0 = Release|Any CPU
		{C95FEBA4-A06A-4133-BAB3-3D553B8C84AC}.Release|x86.ActiveCfg = Release|x86
		{C95FEBA4-A06A-4133-BAB3-3D553B8C84AC}.Release|x86.Build.0 = Release|x86
		{C95FEBA4-A06A-4133-BAB3-3D553B8C84AC}.SingleImage|Any CPU.ActiveCfg = Release|Any CPU
		{C95FEBA4-A06A-4133-BAB3-3D553B8C84AC}.SingleImage|Any CPU.Build.0 = Release|Any CPU
		{C95FEBA4-A06A-4133-BAB3-3D553B8C84AC}.SingleImage|x86.ActiveCfg = Release|x86
		{C95FEBA4-A06A-4133-BAB3-3D553B8C84AC}.SingleImage|x86.Build.0 = Release|x86
		{08B84FAC-275F-436A-8648-6F07AAEFF54F}.CD_ROM|Any CPU.ActiveCfg = Release|Any CPU
		{08B84FAC-275F-436A-8648-6F07AAEFF54F}.CD_ROM|Any CPU.Build.0 = Release|Any CPU
		{08B84FAC-275F-436A-8648-6F07AAEFF54F}.CD_ROM|x86.ActiveCfg = Release|x86
		{08B84FAC-275F-436A-8648-6F07AAEFF54F}.CD_ROM|x86.Build.0 = Release|x86
		{08B84FAC-275F-436A-8648-6F07AAEFF54F}.Debug|Any CPU.ActiveCfg = Debug|Any CPU
		{08B84FAC-275F-436A-8648-6F07AAEFF54F}.Debug|Any CPU.Build.0 = Debug|Any CPU
		{08B84FAC-275F-436A-8648-6F07AAEFF54F}.Debug|x86.ActiveCfg = Debug|x86
		{08B84FAC-275F-436A-8648-6F07AAEFF54F}.Debug|x86.Build.0 = Debug|x86
		{08B84FAC-275F-436A-8648-6F07AAEFF54F}.DVD-5|Any CPU.ActiveCfg = Debug|Any CPU
		{08B84FAC-275F-436A-8648-6F07AAEFF54F}.DVD-5|Any CPU.Build.0 = Debug|Any CPU
		{08B84FAC-275F-436A-8648-6F07AAEFF54F}.DVD-5|x86.ActiveCfg = Debug|x86
		{08B84FAC-275F-436A-8648-6F07AAEFF54F}.DVD-5|x86.Build.0 = Debug|x86
		{08B84FAC-275F-436A-8648-6F07AAEFF54F}.Release|Any CPU.ActiveCfg = Release|Any CPU
		{08B84FAC-275F-436A-8648-6F07AAEFF54F}.Release|Any CPU.Build.0 = Release|Any CPU
		{08B84FAC-275F-436A-8648-6F07AAEFF54F}.Release|x86.ActiveCfg = Release|x86
		{08B84FAC-275F-436A-8648-6F07AAEFF54F}.Release|x86.Build.0 = Release|x86
		{08B84FAC-275F-436A-8648-6F07AAEFF54F}.SingleImage|Any CPU.ActiveCfg = Release|Any CPU
		{08B84FAC-275F-436A-8648-6F07AAEFF54F}.SingleImage|Any CPU.Build.0 = Release|Any CPU
		{08B84FAC-275F-436A-8648-6F07AAEFF54F}.SingleImage|x86.ActiveCfg = Release|x86
		{08B84FAC-275F-436A-8648-6F07AAEFF54F}.SingleImage|x86.Build.0 = Release|x86
		{F42DE59A-5F19-4D2C-937E-2954C4BABE60}.CD_ROM|Any CPU.ActiveCfg = Release|Any CPU
		{F42DE59A-5F19-4D2C-937E-2954C4BABE60}.CD_ROM|Any CPU.Build.0 = Release|Any CPU
		{F42DE59A-5F19-4D2C-937E-2954C4BABE60}.CD_ROM|x86.ActiveCfg = Release|x86
		{F42DE59A-5F19-4D2C-937E-2954C4BABE60}.CD_ROM|x86.Build.0 = Release|x86
		{F42DE59A-5F19-4D2C-937E-2954C4BABE60}.Debug|Any CPU.ActiveCfg = Debug|Any CPU
		{F42DE59A-5F19-4D2C-937E-2954C4BABE60}.Debug|Any CPU.Build.0 = Debug|Any CPU
		{F42DE59A-5F19-4D2C-937E-2954C4BABE60}.Debug|x86.ActiveCfg = Debug|x86
		{F42DE59A-5F19-4D2C-937E-2954C4BABE60}.Debug|x86.Build.0 = Debug|x86
		{F42DE59A-5F19-4D2C-937E-2954C4BABE60}.DVD-5|Any CPU.ActiveCfg = Debug|Any CPU
		{F42DE59A-5F19-4D2C-937E-2954C4BABE60}.DVD-5|Any CPU.Build.0 = Debug|Any CPU
		{F42DE59A-5F19-4D2C-937E-2954C4BABE60}.DVD-5|x86.ActiveCfg = Debug|x86
		{F42DE59A-5F19-4D2C-937E-2954C4BABE60}.DVD-5|x86.Build.0 = Debug|x86
		{F42DE59A-5F19-4D2C-937E-2954C4BABE60}.Release|Any CPU.ActiveCfg = Release|Any CPU
		{F42DE59A-5F19-4D2C-937E-2954C4BABE60}.Release|Any CPU.Build.0 = Release|Any CPU
		{F42DE59A-5F19-4D2C-937E-2954C4BABE60}.Release|x86.ActiveCfg = Release|x86
		{F42DE59A-5F19-4D2C-937E-2954C4BABE60}.Release|x86.Build.0 = Release|x86
		{F42DE59A-5F19-4D2C-937E-2954C4BABE60}.SingleImage|Any CPU.ActiveCfg = Release|Any CPU
		{F42DE59A-5F19-4D2C-937E-2954C4BABE60}.SingleImage|Any CPU.Build.0 = Release|Any CPU
		{F42DE59A-5F19-4D2C-937E-2954C4BABE60}.SingleImage|x86.ActiveCfg = Release|x86
		{F42DE59A-5F19-4D2C-937E-2954C4BABE60}.SingleImage|x86.Build.0 = Release|x86
		{1E0424D2-DA11-4684-800C-064B58EAD182}.CD_ROM|Any CPU.ActiveCfg = Release|Any CPU
		{1E0424D2-DA11-4684-800C-064B58EAD182}.CD_ROM|x86.ActiveCfg = Release|x86
		{1E0424D2-DA11-4684-800C-064B58EAD182}.Debug|Any CPU.ActiveCfg = Debug|Any CPU
		{1E0424D2-DA11-4684-800C-064B58EAD182}.Debug|Any CPU.Build.0 = Debug|Any CPU
		{1E0424D2-DA11-4684-800C-064B58EAD182}.Debug|x86.ActiveCfg = Debug|x86
		{1E0424D2-DA11-4684-800C-064B58EAD182}.Debug|x86.Build.0 = Debug|x86
		{1E0424D2-DA11-4684-800C-064B58EAD182}.DVD-5|Any CPU.ActiveCfg = Debug|Any CPU
		{1E0424D2-DA11-4684-800C-064B58EAD182}.DVD-5|x86.ActiveCfg = Debug|x86
		{1E0424D2-DA11-4684-800C-064B58EAD182}.Release|Any CPU.ActiveCfg = Release|Any CPU
		{1E0424D2-DA11-4684-800C-064B58EAD182}.Release|Any CPU.Build.0 = Release|Any CPU
		{1E0424D2-DA11-4684-800C-064B58EAD182}.Release|x86.ActiveCfg = Release|x86
		{1E0424D2-DA11-4684-800C-064B58EAD182}.Release|x86.Build.0 = Release|x86
		{1E0424D2-DA11-4684-800C-064B58EAD182}.SingleImage|Any CPU.ActiveCfg = Release|Any CPU
		{1E0424D2-DA11-4684-800C-064B58EAD182}.SingleImage|x86.ActiveCfg = Release|x86
		{17CB9EBF-569E-4D99-BA70-67023DB64AB0}.CD_ROM|Any CPU.ActiveCfg = Release|Any CPU
		{17CB9EBF-569E-4D99-BA70-67023DB64AB0}.CD_ROM|x86.ActiveCfg = Release|x86
		{17CB9EBF-569E-4D99-BA70-67023DB64AB0}.Debug|Any CPU.ActiveCfg = Debug|Any CPU
		{17CB9EBF-569E-4D99-BA70-67023DB64AB0}.Debug|Any CPU.Build.0 = Debug|Any CPU
		{17CB9EBF-569E-4D99-BA70-67023DB64AB0}.Debug|x86.ActiveCfg = Debug|x86
		{17CB9EBF-569E-4D99-BA70-67023DB64AB0}.Debug|x86.Build.0 = Debug|x86
		{17CB9EBF-569E-4D99-BA70-67023DB64AB0}.DVD-5|Any CPU.ActiveCfg = Debug|Any CPU
		{17CB9EBF-569E-4D99-BA70-67023DB64AB0}.DVD-5|x86.ActiveCfg = Debug|x86
		{17CB9EBF-569E-4D99-BA70-67023DB64AB0}.Release|Any CPU.ActiveCfg = Release|Any CPU
		{17CB9EBF-569E-4D99-BA70-67023DB64AB0}.Release|Any CPU.Build.0 = Release|Any CPU
		{17CB9EBF-569E-4D99-BA70-67023DB64AB0}.Release|x86.ActiveCfg = Release|x86
		{17CB9EBF-569E-4D99-BA70-67023DB64AB0}.Release|x86.Build.0 = Release|x86
		{17CB9EBF-569E-4D99-BA70-67023DB64AB0}.SingleImage|Any CPU.ActiveCfg = Release|Any CPU
		{17CB9EBF-569E-4D99-BA70-67023DB64AB0}.SingleImage|x86.ActiveCfg = Release|x86
		{969FE8EF-AF65-42F1-A464-26AB38853C14}.CD_ROM|Any CPU.ActiveCfg = CD_ROM
		{969FE8EF-AF65-42F1-A464-26AB38853C14}.CD_ROM|Any CPU.Build.0 = CD_ROM
		{969FE8EF-AF65-42F1-A464-26AB38853C14}.CD_ROM|x86.ActiveCfg = CD_ROM
		{969FE8EF-AF65-42F1-A464-26AB38853C14}.CD_ROM|x86.Build.0 = CD_ROM
		{969FE8EF-AF65-42F1-A464-26AB38853C14}.Debug|Any CPU.ActiveCfg = DVD-5
		{969FE8EF-AF65-42F1-A464-26AB38853C14}.Debug|Any CPU.Build.0 = DVD-5
		{969FE8EF-AF65-42F1-A464-26AB38853C14}.Debug|x86.ActiveCfg = DVD-5
		{969FE8EF-AF65-42F1-A464-26AB38853C14}.Debug|x86.Build.0 = DVD-5
		{969FE8EF-AF65-42F1-A464-26AB38853C14}.DVD-5|Any CPU.ActiveCfg = DVD-5
		{969FE8EF-AF65-42F1-A464-26AB38853C14}.DVD-5|Any CPU.Build.0 = DVD-5
		{969FE8EF-AF65-42F1-A464-26AB38853C14}.DVD-5|x86.ActiveCfg = DVD-5
		{969FE8EF-AF65-42F1-A464-26AB38853C14}.DVD-5|x86.Build.0 = DVD-5
		{969FE8EF-AF65-42F1-A464-26AB38853C14}.Release|Any CPU.ActiveCfg = SingleImage
		{969FE8EF-AF65-42F1-A464-26AB38853C14}.Release|Any CPU.Build.0 = SingleImage
		{969FE8EF-AF65-42F1-A464-26AB38853C14}.Release|x86.ActiveCfg = SingleImage
		{969FE8EF-AF65-42F1-A464-26AB38853C14}.Release|x86.Build.0 = SingleImage
		{969FE8EF-AF65-42F1-A464-26AB38853C14}.SingleImage|Any CPU.ActiveCfg = SingleImage
		{969FE8EF-AF65-42F1-A464-26AB38853C14}.SingleImage|Any CPU.Build.0 = SingleImage
		{969FE8EF-AF65-42F1-A464-26AB38853C14}.SingleImage|x86.ActiveCfg = SingleImage
		{969FE8EF-AF65-42F1-A464-26AB38853C14}.SingleImage|x86.Build.0 = SingleImage
		{9D598166-0647-4917-8177-13F46BD24407}.CD_ROM|Any CPU.ActiveCfg = Release|Any CPU
		{9D598166-0647-4917-8177-13F46BD24407}.CD_ROM|Any CPU.Build.0 = Release|Any CPU
		{9D598166-0647-4917-8177-13F46BD24407}.CD_ROM|x86.ActiveCfg = Release|Any CPU
		{9D598166-0647-4917-8177-13F46BD24407}.CD_ROM|x86.Build.0 = Release|Any CPU
		{9D598166-0647-4917-8177-13F46BD24407}.Debug|Any CPU.ActiveCfg = Debug|Any CPU
		{9D598166-0647-4917-8177-13F46BD24407}.Debug|Any CPU.Build.0 = Debug|Any CPU
		{9D598166-0647-4917-8177-13F46BD24407}.Debug|x86.ActiveCfg = Debug|Any CPU
		{9D598166-0647-4917-8177-13F46BD24407}.Debug|x86.Build.0 = Debug|Any CPU
		{9D598166-0647-4917-8177-13F46BD24407}.DVD-5|Any CPU.ActiveCfg = Debug|Any CPU
		{9D598166-0647-4917-8177-13F46BD24407}.DVD-5|Any CPU.Build.0 = Debug|Any CPU
		{9D598166-0647-4917-8177-13F46BD24407}.DVD-5|x86.ActiveCfg = Debug|Any CPU
		{9D598166-0647-4917-8177-13F46BD24407}.DVD-5|x86.Build.0 = Debug|Any CPU
		{9D598166-0647-4917-8177-13F46BD24407}.Release|Any CPU.ActiveCfg = Release|Any CPU
		{9D598166-0647-4917-8177-13F46BD24407}.Release|Any CPU.Build.0 = Release|Any CPU
		{9D598166-0647-4917-8177-13F46BD24407}.Release|x86.ActiveCfg = Release|Any CPU
		{9D598166-0647-4917-8177-13F46BD24407}.Release|x86.Build.0 = Release|Any CPU
		{9D598166-0647-4917-8177-13F46BD24407}.SingleImage|Any CPU.ActiveCfg = Release|Any CPU
		{9D598166-0647-4917-8177-13F46BD24407}.SingleImage|Any CPU.Build.0 = Release|Any CPU
		{9D598166-0647-4917-8177-13F46BD24407}.SingleImage|x86.ActiveCfg = Release|Any CPU
		{9D598166-0647-4917-8177-13F46BD24407}.SingleImage|x86.Build.0 = Release|Any CPU
	EndGlobalSection
	GlobalSection(SolutionProperties) = preSolution
		HideSolutionNode = FALSE
	EndGlobalSection
	GlobalSection(NestedProjects) = preSolution
		{EB0A8A86-5C54-45A5-9FD6-74A5660BCAAD} = {08536F7F-D1F0-463C-9D34-3C6B3C35C9F6}
		{1CAFE700-3A43-4C94-B2E7-8CB32C71BA19} = {661F711A-2B98-4A26-B15C-19ABF76607F8}
		{C95FEBA4-A06A-4133-BAB3-3D553B8C84AC} = {661F711A-2B98-4A26-B15C-19ABF76607F8}
		{08B84FAC-275F-436A-8648-6F07AAEFF54F} = {C7B43F60-0A38-4DFB-9462-4B92128BB516}
		{F42DE59A-5F19-4D2C-937E-2954C4BABE60} = {4BCFA5B5-7ACF-480F-B561-F0493CDCB01C}
		{1E0424D2-DA11-4684-800C-064B58EAD182} = {75BD3E55-C5FD-46E5-9696-44093E73E2C3}
		{17CB9EBF-569E-4D99-BA70-67023DB64AB0} = {75BD3E55-C5FD-46E5-9696-44093E73E2C3}
		{969FE8EF-AF65-42F1-A464-26AB38853C14} = {3D20560D-A4EB-4801-AE2A-EDA1182A60DB}
		{9D598166-0647-4917-8177-13F46BD24407} = {08536F7F-D1F0-463C-9D34-3C6B3C35C9F6}
	EndGlobalSection
EndGlobal
